
Microsoft Visual Studio Solution File, Format Version 12.00
# Visual Studio Version 16
VisualStudioVersion = 16.0.31702.278
MinimumVisualStudioVersion = 10.0.40219.1
Project("{FAE04EC0-301F-11D3-BF4B-00C04F79EFBC}") = "Master Detail", "Master Detail.csproj", "{B4D40CCB-4BA5-4215-A7DD-2A9098EFEB51}"
EndProject
Global
	GlobalSection(SolutionConfigurationPlatforms) = preSolution
		Debug|Any CPU = Debug|Any CPU
		Release|Any CPU = Release|Any CPU
	EndGlobalSection
	GlobalSection(ProjectConfigurationPlatforms) = postSolution
		{B4D40CCB-4BA5-4215-A7DD-2A9098EFEB51}.Debug|Any CPU.ActiveCfg = Debug|Any CPU
		{B4D40CCB-4BA5-4215-A7DD-2A9098EFEB51}.Debug|Any CPU.Build.0 = Debug|Any CPU
		{B4D40CCB-4BA5-4215-A7DD-2A9098EFEB51}.Release|Any CPU.ActiveCfg = Release|Any CPU
		{B4D40CCB-4BA5-4215-A7DD-2A9098EFEB51}.Release|Any CPU.Build.0 = Release|Any CPU
	EndGlobalSection
	GlobalSection(SolutionProperties) = preSolution
		HideSolutionNode = FALSE
	EndGlobalSection
	GlobalSection(ExtensibilityGlobals) = postSolution
		SolutionGuid = {3D6C34CD-A24A-4915-97F7-9A3891C01EC2}
	EndGlobalSection
EndGlobal
